
Microsoft Visual Studio Solution File, Format Version 12.00
# Visual Studio Version 17
VisualStudioVersion = 17.4.33205.214
MinimumVisualStudioVersion = 10.0.40219.1
Project("{FAE04EC0-301F-11D3-BF4B-00C04F79EFBC}") = "Nhom8-QLTV", "Nhom8-QLTV.csproj", "{2FE7038B-17F0-4EB7-9ADF-609451AED912}"
EndProject
Global
	GlobalSection(SolutionConfigurationPlatforms) = preSolution
		Debug|Any CPU = Debug|Any CPU
		Release|Any CPU = Release|Any CPU
	EndGlobalSection
	GlobalSection(ProjectConfigurationPlatforms) = postSolution
		{2FE7038B-17F0-4EB7-9ADF-609451AED912}.Debug|Any CPU.ActiveCfg = Debug|Any CPU
		{2FE7038B-17F0-4EB7-9ADF-609451AED912}.Debug|Any CPU.Build.0 = Debug|Any CPU
		{2FE7038B-17F0-4EB7-9ADF-609451AED912}.Release|Any CPU.ActiveCfg = Release|Any CPU
		{2FE7038B-17F0-4EB7-9ADF-609451AED912}.Release|Any CPU.Build.0 = Release|Any CPU
	EndGlobalSection
	GlobalSection(SolutionProperties) = preSolution
		HideSolutionNode = FALSE
	EndGlobalSection
	GlobalSection(ExtensibilityGlobals) = postSolution
		SolutionGuid = {B4D36E9C-3B75-4F61-9464-59410653C155}
	EndGlobalSection
EndGlobal
